<?xml version="1.0" encoding="utf-8"?>
<Project ToolsVersion="4.0" xmlns="http://schemas.microsoft.com/developer/msbuild/2003">
  <ItemGroup>
    <Filter Include="Source Files">
      <UniqueIdentifier>{4FC737F1-C7A5-4376-A066-2A32D752A2FF}</UniqueIdentifier>
      <Extensions>cpp;c;cc;cxx;c++;cppm;ixx;def;odl;idl;hpj;bat;asm;asmx</Extensions>
    </Filter>
    <Filter Include="Header Files">
      <UniqueIdentifier>{93995380-89BD-4b04-88EB-625FBE52EBFB}</UniqueIdentifier>
      <Extensions>h;hh;hpp;hxx;h++;hm;inl;inc;ipp;xsd</Extensions>
    </Filter>
    <Filter Include="Resource Files">
      <UniqueIdentifier>{67DA6AB6-F800-4c08-8B7A-83BB121AAD01}</UniqueIdentifier>
      <Extensions>rc;ico;cur;bmp;dlg;rc2;rct;bin;rgs;gif;jpg;jpeg;jpe;resx;tiff;tif;png;wav;mfcribbon-ms</Extensions>
    </Filter>
  </ItemGroup>
  <ItemGroup>
    <ClInclude Include="Needs.h">
      <Filter>Header Files</Filter>
    </ClInclude>
    <ClInclude Include="Animal.h">
      <Filter>Header Files</Filter>
    </ClInclude>
    <ClInclude Include="Bladder.h">
      <Filter>Header Files</Filter>
    </ClInclude>
    <ClInclude Include="Energy.h">
      <Filter>Header Files</Filter>
    </ClInclude>
    <ClInclude Include="Food.h">
      <Filter>Header Files</Filter>
    </ClInclude>
    <ClInclude Include="Fun.h">
      <Filter>Header Files</Filter>
    </ClInclude>
    <ClInclude Include="Hunger.h">
      <Filter>Header Files</Filter>
    </ClInclude>
    <ClInclude Include="Hygiene.h">
      <Filter>Header Files</Filter>
    </ClInclude>
    <ClInclude Include="Job.h">
      <Filter>Header Files</Filter>
    </ClInclude>
    <ClInclude Include="Person.h">
      <Filter>Header Files</Filter>
    </ClInclude>
    <ClInclude Include="social.h">
      <Filter>Header Files</Filter>
    </ClInclude>
  </ItemGroup>
  <ItemGroup>
    <ClCompile Include="Animal.cpp">
      <Filter>Source Files</Filter>
    </ClCompile>
    <ClCompile Include="Bladder.cpp">
      <Filter>Source Files</Filter>
    </ClCompile>
    <ClCompile Include="Energy.cpp">
      <Filter>Source Files</Filter>
    </ClCompile>
    <ClCompile Include="Food.cpp">
      <Filter>Source Files</Filter>
    </ClCompile>
    <ClCompile Include="Fun.cpp">
      <Filter>Source Files</Filter>
    </ClCompile>
    <ClCompile Include="Hunger.cpp">
      <Filter>Source Files</Filter>
    </ClCompile>
    <ClCompile Include="Hygiene.cpp">
      <Filter>Source Files</Filter>
    </ClCompile>
    <ClCompile Include="Job.cpp">
      <Filter>Source Files</Filter>
    </ClCompile>
    <ClCompile Include="main.cpp">
      <Filter>Source Files</Filter>
    </ClCompile>
    <ClCompile Include="Needs.cpp">
      <Filter>Source Files</Filter>
    </ClCompile>
    <ClCompile Include="Person.cpp">
      <Filter>Source Files</Filter>
    </ClCompile>
    <ClCompile Include="Social.cpp">
      <Filter>Source Files</Filter>
    </ClCompile>
  </ItemGroup>
</Project>